
Microsoft Visual Studio Solution File, Format Version 12.00
# Visual Studio Version 17
VisualStudioVersion = 17.5.33516.290
MinimumVisualStudioVersion = 10.0.40219.1
Project("{2150E333-8FDC-42A3-9474-1A3956D46DE8}") = "EventBus", "EventBus", "{30CA5485-6FB6-44CE-A0A6-6970E2520868}"
EndProject
Project("{9A19103F-16F7-4668-BE54-9A1E7A4F7556}") = "WdlEventBus", "EventBus\WdlEventBus\WdlEventBus.csproj", "{52A9C68A-24C9-4A6B-B764-3F3C0964D7A1}"
EndProject
Project("{2150E333-8FDC-42A3-9474-1A3956D46DE8}") = "AOP", "AOP", "{A5D29BB8-F129-41AF-8869-D53A3D41F719}"
EndProject
Project("{FAE04EC0-301F-11D3-BF4B-00C04F79EFBC}") = "TestMain", "EventBus\TestMain\TestMain.csproj", "{2FD999E4-F6FF-483A-A44B-6B60E45475F9}"
EndProject
Project("{FAE04EC0-301F-11D3-BF4B-00C04F79EFBC}") = "Test1", "Test1\Test1.csproj", "{2456262A-3B20-44F4-BB6E-0E8BFEFD1731}"
EndProject
Project("{FAE04EC0-301F-11D3-BF4B-00C04F79EFBC}") = "EmitCastorAop", "AOP\EmitCastorAop\EmitCastorAop.csproj", "{E7C84B90-C0FC-4560-811F-5D863A51D88A}"
EndProject
Project("{FAE04EC0-301F-11D3-BF4B-00C04F79EFBC}") = "WdlProxyAOP", "AOP\WdlAOP\WdlProxyAOP.csproj", "{E1C6AC90-53C3-423E-9148-7FC256A46902}"
EndProject
Project("{FAE04EC0-301F-11D3-BF4B-00C04F79EFBC}") = "TestController", "AOP\TestController\TestController.csproj", "{42688FB0-5603-4B24-BD95-ACB8150EB36F}"
EndProject
Global
	GlobalSection(SolutionConfigurationPlatforms) = preSolution
		Debug|Any CPU = Debug|Any CPU
		Release|Any CPU = Release|Any CPU
	EndGlobalSection
	GlobalSection(ProjectConfigurationPlatforms) = postSolution
		{52A9C68A-24C9-4A6B-B764-3F3C0964D7A1}.Debug|Any CPU.ActiveCfg = Debug|Any CPU
		{52A9C68A-24C9-4A6B-B764-3F3C0964D7A1}.Debug|Any CPU.Build.0 = Debug|Any CPU
		{52A9C68A-24C9-4A6B-B764-3F3C0964D7A1}.Release|Any CPU.ActiveCfg = Release|Any CPU
		{52A9C68A-24C9-4A6B-B764-3F3C0964D7A1}.Release|Any CPU.Build.0 = Release|Any CPU
		{2FD999E4-F6FF-483A-A44B-6B60E45475F9}.Debug|Any CPU.ActiveCfg = Debug|Any CPU
		{2FD999E4-F6FF-483A-A44B-6B60E45475F9}.Debug|Any CPU.Build.0 = Debug|Any CPU
		{2FD999E4-F6FF-483A-A44B-6B60E45475F9}.Release|Any CPU.ActiveCfg = Release|Any CPU
		{2FD999E4-F6FF-483A-A44B-6B60E45475F9}.Release|Any CPU.Build.0 = Release|Any CPU
		{2456262A-3B20-44F4-BB6E-0E8BFEFD1731}.Debug|Any CPU.ActiveCfg = Debug|Any CPU
		{2456262A-3B20-44F4-BB6E-0E8BFEFD1731}.Debug|Any CPU.Build.0 = Debug|Any CPU
		{2456262A-3B20-44F4-BB6E-0E8BFEFD1731}.Release|Any CPU.ActiveCfg = Release|Any CPU
		{2456262A-3B20-44F4-BB6E-0E8BFEFD1731}.Release|Any CPU.Build.0 = Release|Any CPU
		{E7C84B90-C0FC-4560-811F-5D863A51D88A}.Debug|Any CPU.ActiveCfg = Debug|Any CPU
		{E7C84B90-C0FC-4560-811F-5D863A51D88A}.Debug|Any CPU.Build.0 = Debug|Any CPU
		{E7C84B90-C0FC-4560-811F-5D863A51D88A}.Release|Any CPU.ActiveCfg = Release|Any CPU
		{E7C84B90-C0FC-4560-811F-5D863A51D88A}.Release|Any CPU.Build.0 = Release|Any CPU
		{E1C6AC90-53C3-423E-9148-7FC256A46902}.Debug|Any CPU.ActiveCfg = Debug|Any CPU
		{E1C6AC90-53C3-423E-9148-7FC256A46902}.Debug|Any CPU.Build.0 = Debug|Any CPU
		{E1C6AC90-53C3-423E-9148-7FC256A46902}.Release|Any CPU.ActiveCfg = Release|Any CPU
		{E1C6AC90-53C3-423E-9148-7FC256A46902}.Release|Any CPU.Build.0 = Release|Any CPU
		{42688FB0-5603-4B24-BD95-ACB8150EB36F}.Debug|Any CPU.ActiveCfg = Debug|Any CPU
		{42688FB0-5603-4B24-BD95-ACB8150EB36F}.Debug|Any CPU.Build.0 = Debug|Any CPU
		{42688FB0-5603-4B24-BD95-ACB8150EB36F}.Release|Any CPU.ActiveCfg = Release|Any CPU
		{42688FB0-5603-4B24-BD95-ACB8150EB36F}.Release|Any CPU.Build.0 = Release|Any CPU
	EndGlobalSection
	GlobalSection(SolutionProperties) = preSolution
		HideSolutionNode = FALSE
	EndGlobalSection
	GlobalSection(NestedProjects) = preSolution
		{52A9C68A-24C9-4A6B-B764-3F3C0964D7A1} = {30CA5485-6FB6-44CE-A0A6-6970E2520868}
		{2FD999E4-F6FF-483A-A44B-6B60E45475F9} = {30CA5485-6FB6-44CE-A0A6-6970E2520868}
		{2456262A-3B20-44F4-BB6E-0E8BFEFD1731} = {30CA5485-6FB6-44CE-A0A6-6970E2520868}
		{E7C84B90-C0FC-4560-811F-5D863A51D88A} = {A5D29BB8-F129-41AF-8869-D53A3D41F719}
		{E1C6AC90-53C3-423E-9148-7FC256A46902} = {A5D29BB8-F129-41AF-8869-D53A3D41F719}
		{42688FB0-5603-4B24-BD95-ACB8150EB36F} = {A5D29BB8-F129-41AF-8869-D53A3D41F719}
	EndGlobalSection
	GlobalSection(ExtensibilityGlobals) = postSolution
		SolutionGuid = {1C976706-ECEF-4603-A3C0-CDA7BAF2A33E}
	EndGlobalSection
EndGlobal
