
Microsoft Visual Studio Solution File, Format Version 12.00
# Visual Studio Version 17
VisualStudioVersion = 17.5.33516.290
MinimumVisualStudioVersion = 10.0.40219.1
Project("{2150E333-8FDC-42A3-9474-1A3956D46DE8}") = "EventBus", "EventBus", "{30CA5485-6FB6-44CE-A0A6-6970E2520868}"
EndProject
Project("{9A19103F-16F7-4668-BE54-9A1E7A4F7556}") = "WdlEventBus", "EventBus\WdlEventBus\WdlEventBus.csproj", "{52A9C68A-24C9-4A6B-B764-3F3C0964D7A1}"
EndProject
Project("{2150E333-8FDC-42A3-9474-1A3956D46DE8}") = "AOP", "AOP", "{A5D29BB8-F129-41AF-8869-D53A3D41F719}"
EndProject
Project("{9A19103F-16F7-4668-BE54-9A1E7A4F7556}") = "TestMain", "EventBus\TestMain\TestMain.csproj", "{2FD999E4-F6FF-483A-A44B-6B60E45475F9}"
EndProject
Project("{9A19103F-16F7-4668-BE54-9A1E7A4F7556}") = "Test1", "Test1\Test1.csproj", "{2456262A-3B20-44F4-BB6E-0E8BFEFD1731}"
EndProject
Project("{9A19103F-16F7-4668-BE54-9A1E7A4F7556}") = "WdlProxyAOP", "AOP\WdlAOP\WdlProxyAOP.csproj", "{E1C6AC90-53C3-423E-9148-7FC256A46902}"
EndProject
Project("{9A19103F-16F7-4668-BE54-9A1E7A4F7556}") = "TestController", "AOP\TestController\TestController.csproj", "{42688FB0-5603-4B24-BD95-ACB8150EB36F}"
EndProject
Project("{9A19103F-16F7-4668-BE54-9A1E7A4F7556}") = "EmitCastorAop", "AOP\EmitCastorAop\EmitCastorAop.csproj", "{BD696CCB-CE07-4366-A751-0859DBA300DF}"
EndProject
Project("{2150E333-8FDC-42A3-9474-1A3956D46DE8}") = "Extend", "Extend", "{CB1F8F2B-7EFB-4237-B984-FA963028D6FC}"
EndProject
Project("{9A19103F-16F7-4668-BE54-9A1E7A4F7556}") = "ExtendPublic", "Extend\ExtendPublic\ExtendPublic.csproj", "{9779A847-1C2C-4925-B53E-96EC9BCA7DE0}"
EndProject
Project("{2150E333-8FDC-42A3-9474-1A3956D46DE8}") = "Communication", "Communication", "{DDDDEFD0-D4E5-4645-B765-E781C6FBEAF3}"
EndProject
Project("{9A19103F-16F7-4668-BE54-9A1E7A4F7556}") = "WebService", "Communication\WebService\WebService.csproj", "{745CEF32-1269-42DF-8DB3-BF94D9453FC3}"
EndProject
Project("{9A19103F-16F7-4668-BE54-9A1E7A4F7556}") = "CommonCommunication", "Communication\CommonCommunication\CommonCommunication.csproj", "{CF867565-EA11-4983-ADA9-B54E10C9950D}"
EndProject
Project("{9A19103F-16F7-4668-BE54-9A1E7A4F7556}") = "TestMainClient", "Communication\TestMain\TestMainClient.csproj", "{8E459739-AF9E-437A-AAC4-5C6921D3D2AD}"
EndProject
Project("{FAE04EC0-301F-11D3-BF4B-00C04F79EFBC}") = "TestMainServer", "Communication\TestMainServer\TestMainServer.csproj", "{D523E993-1BBB-42AA-BE4B-AC1FE376B2E7}"
EndProject
Global
	GlobalSection(SolutionConfigurationPlatforms) = preSolution
		Debug|Any CPU = Debug|Any CPU
		Release|Any CPU = Release|Any CPU
	EndGlobalSection
	GlobalSection(ProjectConfigurationPlatforms) = postSolution
		{52A9C68A-24C9-4A6B-B764-3F3C0964D7A1}.Debug|Any CPU.ActiveCfg = Debug|Any CPU
		{52A9C68A-24C9-4A6B-B764-3F3C0964D7A1}.Debug|Any CPU.Build.0 = Debug|Any CPU
		{52A9C68A-24C9-4A6B-B764-3F3C0964D7A1}.Release|Any CPU.ActiveCfg = Release|Any CPU
		{52A9C68A-24C9-4A6B-B764-3F3C0964D7A1}.Release|Any CPU.Build.0 = Release|Any CPU
		{2FD999E4-F6FF-483A-A44B-6B60E45475F9}.Debug|Any CPU.ActiveCfg = Debug|Any CPU
		{2FD999E4-F6FF-483A-A44B-6B60E45475F9}.Debug|Any CPU.Build.0 = Debug|Any CPU
		{2FD999E4-F6FF-483A-A44B-6B60E45475F9}.Release|Any CPU.ActiveCfg = Release|Any CPU
		{2FD999E4-F6FF-483A-A44B-6B60E45475F9}.Release|Any CPU.Build.0 = Release|Any CPU
		{2456262A-3B20-44F4-BB6E-0E8BFEFD1731}.Debug|Any CPU.ActiveCfg = Debug|Any CPU
		{2456262A-3B20-44F4-BB6E-0E8BFEFD1731}.Debug|Any CPU.Build.0 = Debug|Any CPU
		{2456262A-3B20-44F4-BB6E-0E8BFEFD1731}.Release|Any CPU.ActiveCfg = Release|Any CPU
		{2456262A-3B20-44F4-BB6E-0E8BFEFD1731}.Release|Any CPU.Build.0 = Release|Any CPU
		{E1C6AC90-53C3-423E-9148-7FC256A46902}.Debug|Any CPU.ActiveCfg = Debug|Any CPU
		{E1C6AC90-53C3-423E-9148-7FC256A46902}.Debug|Any CPU.Build.0 = Debug|Any CPU
		{E1C6AC90-53C3-423E-9148-7FC256A46902}.Release|Any CPU.ActiveCfg = Release|Any CPU
		{E1C6AC90-53C3-423E-9148-7FC256A46902}.Release|Any CPU.Build.0 = Release|Any CPU
		{42688FB0-5603-4B24-BD95-ACB8150EB36F}.Debug|Any CPU.ActiveCfg = Debug|Any CPU
		{42688FB0-5603-4B24-BD95-ACB8150EB36F}.Debug|Any CPU.Build.0 = Debug|Any CPU
		{42688FB0-5603-4B24-BD95-ACB8150EB36F}.Release|Any CPU.ActiveCfg = Release|Any CPU
		{42688FB0-5603-4B24-BD95-ACB8150EB36F}.Release|Any CPU.Build.0 = Release|Any CPU
		{BD696CCB-CE07-4366-A751-0859DBA300DF}.Debug|Any CPU.ActiveCfg = Debug|Any CPU
		{BD696CCB-CE07-4366-A751-0859DBA300DF}.Debug|Any CPU.Build.0 = Debug|Any CPU
		{BD696CCB-CE07-4366-A751-0859DBA300DF}.Release|Any CPU.ActiveCfg = Release|Any CPU
		{BD696CCB-CE07-4366-A751-0859DBA300DF}.Release|Any CPU.Build.0 = Release|Any CPU
		{9779A847-1C2C-4925-B53E-96EC9BCA7DE0}.Debug|Any CPU.ActiveCfg = Debug|Any CPU
		{9779A847-1C2C-4925-B53E-96EC9BCA7DE0}.Debug|Any CPU.Build.0 = Debug|Any CPU
		{9779A847-1C2C-4925-B53E-96EC9BCA7DE0}.Release|Any CPU.ActiveCfg = Release|Any CPU
		{9779A847-1C2C-4925-B53E-96EC9BCA7DE0}.Release|Any CPU.Build.0 = Release|Any CPU
		{745CEF32-1269-42DF-8DB3-BF94D9453FC3}.Debug|Any CPU.ActiveCfg = Debug|Any CPU
		{745CEF32-1269-42DF-8DB3-BF94D9453FC3}.Debug|Any CPU.Build.0 = Debug|Any CPU
		{745CEF32-1269-42DF-8DB3-BF94D9453FC3}.Release|Any CPU.ActiveCfg = Release|Any CPU
		{745CEF32-1269-42DF-8DB3-BF94D9453FC3}.Release|Any CPU.Build.0 = Release|Any CPU
		{CF867565-EA11-4983-ADA9-B54E10C9950D}.Debug|Any CPU.ActiveCfg = Debug|Any CPU
		{CF867565-EA11-4983-ADA9-B54E10C9950D}.Debug|Any CPU.Build.0 = Debug|Any CPU
		{CF867565-EA11-4983-ADA9-B54E10C9950D}.Release|Any CPU.ActiveCfg = Release|Any CPU
		{CF867565-EA11-4983-ADA9-B54E10C9950D}.Release|Any CPU.Build.0 = Release|Any CPU
		{8E459739-AF9E-437A-AAC4-5C6921D3D2AD}.Debug|Any CPU.ActiveCfg = Debug|Any CPU
		{8E459739-AF9E-437A-AAC4-5C6921D3D2AD}.Debug|Any CPU.Build.0 = Debug|Any CPU
		{8E459739-AF9E-437A-AAC4-5C6921D3D2AD}.Release|Any CPU.ActiveCfg = Release|Any CPU
		{8E459739-AF9E-437A-AAC4-5C6921D3D2AD}.Release|Any CPU.Build.0 = Release|Any CPU
		{D523E993-1BBB-42AA-BE4B-AC1FE376B2E7}.Debug|Any CPU.ActiveCfg = Debug|Any CPU
		{D523E993-1BBB-42AA-BE4B-AC1FE376B2E7}.Debug|Any CPU.Build.0 = Debug|Any CPU
		{D523E993-1BBB-42AA-BE4B-AC1FE376B2E7}.Release|Any CPU.ActiveCfg = Release|Any CPU
		{D523E993-1BBB-42AA-BE4B-AC1FE376B2E7}.Release|Any CPU.Build.0 = Release|Any CPU
	EndGlobalSection
	GlobalSection(SolutionProperties) = preSolution
		HideSolutionNode = FALSE
	EndGlobalSection
	GlobalSection(NestedProjects) = preSolution
		{52A9C68A-24C9-4A6B-B764-3F3C0964D7A1} = {30CA5485-6FB6-44CE-A0A6-6970E2520868}
		{2FD999E4-F6FF-483A-A44B-6B60E45475F9} = {30CA5485-6FB6-44CE-A0A6-6970E2520868}
		{2456262A-3B20-44F4-BB6E-0E8BFEFD1731} = {30CA5485-6FB6-44CE-A0A6-6970E2520868}
		{E1C6AC90-53C3-423E-9148-7FC256A46902} = {A5D29BB8-F129-41AF-8869-D53A3D41F719}
		{42688FB0-5603-4B24-BD95-ACB8150EB36F} = {A5D29BB8-F129-41AF-8869-D53A3D41F719}
		{BD696CCB-CE07-4366-A751-0859DBA300DF} = {A5D29BB8-F129-41AF-8869-D53A3D41F719}
		{9779A847-1C2C-4925-B53E-96EC9BCA7DE0} = {CB1F8F2B-7EFB-4237-B984-FA963028D6FC}
		{745CEF32-1269-42DF-8DB3-BF94D9453FC3} = {DDDDEFD0-D4E5-4645-B765-E781C6FBEAF3}
		{CF867565-EA11-4983-ADA9-B54E10C9950D} = {DDDDEFD0-D4E5-4645-B765-E781C6FBEAF3}
		{8E459739-AF9E-437A-AAC4-5C6921D3D2AD} = {DDDDEFD0-D4E5-4645-B765-E781C6FBEAF3}
		{D523E993-1BBB-42AA-BE4B-AC1FE376B2E7} = {DDDDEFD0-D4E5-4645-B765-E781C6FBEAF3}
	EndGlobalSection
	GlobalSection(ExtensibilityGlobals) = postSolution
		SolutionGuid = {1C976706-ECEF-4603-A3C0-CDA7BAF2A33E}
	EndGlobalSection
EndGlobal
