
Microsoft Visual Studio Solution File, Format Version 12.00
# Visual Studio Version 17
VisualStudioVersion = 17.5.33516.290
MinimumVisualStudioVersion = 10.0.40219.1
Project("{2150E333-8FDC-42A3-9474-1A3956D46DE8}") = "EventBus", "EventBus", "{30CA5485-6FB6-44CE-A0A6-6970E2520868}"
EndProject
Project("{9A19103F-16F7-4668-BE54-9A1E7A4F7556}") = "WdlEventBus", "EventBus\WdlEventBus\WdlEventBus.csproj", "{52A9C68A-24C9-4A6B-B764-3F3C0964D7A1}"
EndProject
Project("{2150E333-8FDC-42A3-9474-1A3956D46DE8}") = "AOP", "AOP", "{A5D29BB8-F129-41AF-8869-D53A3D41F719}"
EndProject
Project("{9A19103F-16F7-4668-BE54-9A1E7A4F7556}") = "TestMain", "EventBus\TestMain\TestMain.csproj", "{2FD999E4-F6FF-483A-A44B-6B60E45475F9}"
EndProject
Project("{9A19103F-16F7-4668-BE54-9A1E7A4F7556}") = "Test1", "Test1\Test1.csproj", "{2456262A-3B20-44F4-BB6E-0E8BFEFD1731}"
EndProject
Project("{9A19103F-16F7-4668-BE54-9A1E7A4F7556}") = "WdlProxyAOP", "AOP\WdlAOP\WdlProxyAOP.csproj", "{E1C6AC90-53C3-423E-9148-7FC256A46902}"
EndProject
Project("{9A19103F-16F7-4668-BE54-9A1E7A4F7556}") = "TestController", "AOP\TestController\TestController.csproj", "{42688FB0-5603-4B24-BD95-ACB8150EB36F}"
EndProject
Project("{9A19103F-16F7-4668-BE54-9A1E7A4F7556}") = "EmitCastorAop", "AOP\EmitCastorAop\EmitCastorAop.csproj", "{BD696CCB-CE07-4366-A751-0859DBA300DF}"
EndProject
Project("{2150E333-8FDC-42A3-9474-1A3956D46DE8}") = "Extend", "Extend", "{CB1F8F2B-7EFB-4237-B984-FA963028D6FC}"
EndProject
Project("{9A19103F-16F7-4668-BE54-9A1E7A4F7556}") = "ExtendPublic", "Extend\ExtendPublic\ExtendPublic.csproj", "{9779A847-1C2C-4925-B53E-96EC9BCA7DE0}"
EndProject
Project("{2150E333-8FDC-42A3-9474-1A3956D46DE8}") = "Communication", "Communication", "{DDDDEFD0-D4E5-4645-B765-E781C6FBEAF3}"
EndProject
Project("{9A19103F-16F7-4668-BE54-9A1E7A4F7556}") = "WebService", "Communication\WebService\WebService.csproj", "{745CEF32-1269-42DF-8DB3-BF94D9453FC3}"
EndProject
Project("{9A19103F-16F7-4668-BE54-9A1E7A4F7556}") = "TestMainClient", "Communication\TestMain\TestMainClient.csproj", "{8E459739-AF9E-437A-AAC4-5C6921D3D2AD}"
EndProject
Project("{9A19103F-16F7-4668-BE54-9A1E7A4F7556}") = "TestMainServer", "Communication\TestMainServer\TestMainServer.csproj", "{D523E993-1BBB-42AA-BE4B-AC1FE376B2E7}"
EndProject
Project("{9A19103F-16F7-4668-BE54-9A1E7A4F7556}") = "WdlWebSocket", "Communication\WdlWebSocket\WdlWebSocket.csproj", "{A1AB38EE-335E-4541-8C50-13DB2105EDB5}"
EndProject
Project("{9A19103F-16F7-4668-BE54-9A1E7A4F7556}") = "WdlKafkaAdaptor", "Communication\WdlKafkaAdaptor\WdlKafkaAdaptor.csproj", "{85545798-4A88-4C15-91F0-6D70C569F4F0}"
EndProject
Project("{9A19103F-16F7-4668-BE54-9A1E7A4F7556}") = "WdlSocketTcp", "Communication\WdlSocketTcp\WdlSocketTcp.csproj", "{E354B6A8-F56A-43F5-B928-E4258414351D}"
EndProject
Project("{9A19103F-16F7-4668-BE54-9A1E7A4F7556}") = "WdlHttpClientNet", "Communication\WdlHttpClientNet\WdlHttpClientNet.csproj", "{D6EBA022-C083-421F-90DC-DB5403A3CC02}"
EndProject
Project("{9A19103F-16F7-4668-BE54-9A1E7A4F7556}") = "Long.RabbitMq", "WdlRabbitMq\Long.RabbitMq.csproj", "{C04B42EC-2514-4043-BA30-4082A9968222}"
EndProject
Project("{9A19103F-16F7-4668-BE54-9A1E7A4F7556}") = "WdlMqttAdaptor", "Communication\WdlMqttAdaptor\WdlMqttAdaptor.csproj", "{7D399908-D750-4078-86C8-3E94AA46DE5A}"
EndProject
Project("{9A19103F-16F7-4668-BE54-9A1E7A4F7556}") = "WdlSocketUdp", "Communication\WdlSocketUdp\WdlSocketUdp.csproj", "{BE6DF0B7-2D63-4156-9A08-AD0EE9994294}"
EndProject
Project("{2150E333-8FDC-42A3-9474-1A3956D46DE8}") = "IOC", "IOC", "{C0F45F35-46A8-4CC0-A170-DBADD7F35588}"
EndProject
Project("{9A19103F-16F7-4668-BE54-9A1E7A4F7556}") = "WdlNetIoc", "IOC\WdlNetIoc\WdlNetIoc.csproj", "{AB9D8A92-E651-46C0-9995-1B40B013877B}"
EndProject
Project("{9A19103F-16F7-4668-BE54-9A1E7A4F7556}") = "IocTest", "AOP\IocTest\IocTest.csproj", "{8EFD9C19-454C-4DDC-A8CB-2EE40D8A30F8}"
EndProject
Project("{2150E333-8FDC-42A3-9474-1A3956D46DE8}") = "PLC", "PLC", "{E384A8D1-18A0-4986-8ACD-20364B52A224}"
EndProject
Project("{9A19103F-16F7-4668-BE54-9A1E7A4F7556}") = "BeckhoffPLC", "PLC\BeckhoffPLC\BeckhoffPLC.csproj", "{B7E58478-3258-4E0C-A45B-C56533CB058F}"
EndProject
Project("{9A19103F-16F7-4668-BE54-9A1E7A4F7556}") = "委托-Lambda-LINQ", "委托-Lambda-LINQ\委托-Lambda-LINQ.csproj", "{9111AA38-111A-40A9-B45A-4171CF65EE55}"
EndProject
Project("{FAE04EC0-301F-11D3-BF4B-00C04F79EFBC}") = "CreatAssemblyForm", "PLC\CreatAssemblyForm\CreatAssemblyForm.csproj", "{9922833D-44E2-46FF-8AF0-E3E8AF4B89FE}"
EndProject
Project("{9A19103F-16F7-4668-BE54-9A1E7A4F7556}") = "WpfApp1", "PLC\WpfApp1\WpfApp1.csproj", "{1C3D81A3-92D1-43FA-9CD0-DB7FA78A40FA}"
EndProject
Project("{2150E333-8FDC-42A3-9474-1A3956D46DE8}") = "PLC (2)", "PLC (2)", "{E1CF3198-376E-44CA-A046-0C8068899A73}"
EndProject
Project("{2150E333-8FDC-42A3-9474-1A3956D46DE8}") = "Kestrel", "Kestrel", "{31EE53BF-5475-4095-AEBB-7ABA6FF70F91}"
EndProject
Project("{9A19103F-16F7-4668-BE54-9A1E7A4F7556}") = "WinFormsWeb", "Kestrel\WinFormsWeb\WinFormsWeb.csproj", "{E05A5A05-7EA4-44DF-A530-FAE74FACA1AB}"
EndProject
Project("{9A19103F-16F7-4668-BE54-9A1E7A4F7556}") = "WdlGrpcServer", "WdlGrpcServer\WdlGrpcServer.csproj", "{34036A8A-FC7A-465A-8B31-BAA008356A2F}"
EndProject
Project("{9A19103F-16F7-4668-BE54-9A1E7A4F7556}") = "WdlGrpcCLient", "WdlGrpcCLient\WdlGrpcCLient.csproj", "{4068415D-353F-49C5-B905-CE382943FE10}"
EndProject
Project("{2150E333-8FDC-42A3-9474-1A3956D46DE8}") = "OPC_UA", "OPC_UA", "{DA2F36B0-A1E2-4BC2-8D86-4549B2714190}"
EndProject
Project("{9A19103F-16F7-4668-BE54-9A1E7A4F7556}") = "WdlOpcUaServer", "WdlOpcUaServer\WdlOpcUaServer.csproj", "{EFE1E307-17AA-45A8-8025-951DF74D59FF}"
EndProject
Project("{2150E333-8FDC-42A3-9474-1A3956D46DE8}") = "Modbus", "Modbus", "{28E27A0C-7FE7-44ED-9E43-8BFF8A9DC2D0}"
EndProject
Project("{9A19103F-16F7-4668-BE54-9A1E7A4F7556}") = "WdlModbusRtu", "Communication\Modbus\WdlModbusRtu\WdlModbusRtu.csproj", "{CC4A1220-4BEA-4311-826A-2DC12A530AD7}"
EndProject
Project("{9A19103F-16F7-4668-BE54-9A1E7A4F7556}") = "WdlModbusTcp", "Communication\Modbus\WdlModbusTcp\WdlModbusTcp.csproj", "{EB0343CC-D462-4D36-8CB6-DA82750B76FD}"
EndProject
Project("{9A19103F-16F7-4668-BE54-9A1E7A4F7556}") = "WdlSerialPort", "WdlSerialPort\WdlSerialPort.csproj", "{7683C8AE-111F-4175-B4CF-840FF8BD9C79}"
EndProject
Project("{9A19103F-16F7-4668-BE54-9A1E7A4F7556}") = "TestSerialConsoleApp1", "Communication\TestSerialConsoleApp1\TestSerialConsoleApp1.csproj", "{F4148BDC-0D1B-4A69-A8AB-B83D658C48A2}"
EndProject
Project("{9A19103F-16F7-4668-BE54-9A1E7A4F7556}") = "TestSerialConsoleApp2", "Communication\TestSerialConsoleApp2\TestSerialConsoleApp2.csproj", "{74B4BE77-2156-48CD-9F6A-5D220E4313B8}"
EndProject
Project("{2150E333-8FDC-42A3-9474-1A3956D46DE8}") = "WpfBaseFrame", "WpfBaseFrame", "{5B378EB3-3ABE-44F3-A569-89D3F32A8952}"
EndProject
Project("{2150E333-8FDC-42A3-9474-1A3956D46DE8}") = "Tools", "Tools", "{02EA681E-C7D8-13C7-8484-4AC65E1B71E8}"
EndProject
Project("{FAE04EC0-301F-11D3-BF4B-00C04F79EFBC}") = "Drsoft.Tools.CreatAssemblyFileConsoleApp", "Tools\Drsoft.Tools.CreatAssemblyFileConsoleApp\Drsoft.Tools.CreatAssemblyFileConsoleApp.csproj", "{FE707D8D-8831-BADE-DFBC-E63F1C105207}"
EndProject
Project("{FAE04EC0-301F-11D3-BF4B-00C04F79EFBC}") = "Drsoft.Tools.PdfDecryptWpf", "Tools\Drsoft.Tools.PdfDecryptWpf\Drsoft.Tools.PdfDecryptWpf.csproj", "{F099649B-50FF-6580-5698-B3DDC298A33D}"
EndProject
Project("{FAE04EC0-301F-11D3-BF4B-00C04F79EFBC}") = "Drsoft.Tools.DynamicBuilder", "Tools\Drsoft.Tools.DynamicBuilder\Drsoft.Tools.DynamicBuilder.csproj", "{EDC16E3C-4F79-08E3-09FB-24BD2D0238AB}"
EndProject
Project("{FAE04EC0-301F-11D3-BF4B-00C04F79EFBC}") = "Drsoft.Tools.PdfLibrary", "Tools\Drsoft.Tools.PdfLibrary\Drsoft.Tools.PdfLibrary.csproj", "{8717E57B-5AD6-1D89-120F-86BF2CDA86A5}"
EndProject
Global
	GlobalSection(SolutionConfigurationPlatforms) = preSolution
		Debug|Any CPU = Debug|Any CPU
		Release|Any CPU = Release|Any CPU
	EndGlobalSection
	GlobalSection(ProjectConfigurationPlatforms) = postSolution
		{52A9C68A-24C9-4A6B-B764-3F3C0964D7A1}.Debug|Any CPU.ActiveCfg = Debug|Any CPU
		{52A9C68A-24C9-4A6B-B764-3F3C0964D7A1}.Debug|Any CPU.Build.0 = Debug|Any CPU
		{52A9C68A-24C9-4A6B-B764-3F3C0964D7A1}.Release|Any CPU.ActiveCfg = Release|Any CPU
		{52A9C68A-24C9-4A6B-B764-3F3C0964D7A1}.Release|Any CPU.Build.0 = Release|Any CPU
		{2FD999E4-F6FF-483A-A44B-6B60E45475F9}.Debug|Any CPU.ActiveCfg = Debug|Any CPU
		{2FD999E4-F6FF-483A-A44B-6B60E45475F9}.Debug|Any CPU.Build.0 = Debug|Any CPU
		{2FD999E4-F6FF-483A-A44B-6B60E45475F9}.Release|Any CPU.ActiveCfg = Release|Any CPU
		{2FD999E4-F6FF-483A-A44B-6B60E45475F9}.Release|Any CPU.Build.0 = Release|Any CPU
		{2456262A-3B20-44F4-BB6E-0E8BFEFD1731}.Debug|Any CPU.ActiveCfg = Debug|Any CPU
		{2456262A-3B20-44F4-BB6E-0E8BFEFD1731}.Debug|Any CPU.Build.0 = Debug|Any CPU
		{2456262A-3B20-44F4-BB6E-0E8BFEFD1731}.Release|Any CPU.ActiveCfg = Release|Any CPU
		{2456262A-3B20-44F4-BB6E-0E8BFEFD1731}.Release|Any CPU.Build.0 = Release|Any CPU
		{E1C6AC90-53C3-423E-9148-7FC256A46902}.Debug|Any CPU.ActiveCfg = Debug|Any CPU
		{E1C6AC90-53C3-423E-9148-7FC256A46902}.Debug|Any CPU.Build.0 = Debug|Any CPU
		{E1C6AC90-53C3-423E-9148-7FC256A46902}.Release|Any CPU.ActiveCfg = Release|Any CPU
		{E1C6AC90-53C3-423E-9148-7FC256A46902}.Release|Any CPU.Build.0 = Release|Any CPU
		{42688FB0-5603-4B24-BD95-ACB8150EB36F}.Debug|Any CPU.ActiveCfg = Debug|Any CPU
		{42688FB0-5603-4B24-BD95-ACB8150EB36F}.Debug|Any CPU.Build.0 = Debug|Any CPU
		{42688FB0-5603-4B24-BD95-ACB8150EB36F}.Release|Any CPU.ActiveCfg = Release|Any CPU
		{42688FB0-5603-4B24-BD95-ACB8150EB36F}.Release|Any CPU.Build.0 = Release|Any CPU
		{BD696CCB-CE07-4366-A751-0859DBA300DF}.Debug|Any CPU.ActiveCfg = Debug|Any CPU
		{BD696CCB-CE07-4366-A751-0859DBA300DF}.Debug|Any CPU.Build.0 = Debug|Any CPU
		{BD696CCB-CE07-4366-A751-0859DBA300DF}.Release|Any CPU.ActiveCfg = Release|Any CPU
		{BD696CCB-CE07-4366-A751-0859DBA300DF}.Release|Any CPU.Build.0 = Release|Any CPU
		{9779A847-1C2C-4925-B53E-96EC9BCA7DE0}.Debug|Any CPU.ActiveCfg = Debug|Any CPU
		{9779A847-1C2C-4925-B53E-96EC9BCA7DE0}.Debug|Any CPU.Build.0 = Debug|Any CPU
		{9779A847-1C2C-4925-B53E-96EC9BCA7DE0}.Release|Any CPU.ActiveCfg = Release|Any CPU
		{9779A847-1C2C-4925-B53E-96EC9BCA7DE0}.Release|Any CPU.Build.0 = Release|Any CPU
		{745CEF32-1269-42DF-8DB3-BF94D9453FC3}.Debug|Any CPU.ActiveCfg = Debug|Any CPU
		{745CEF32-1269-42DF-8DB3-BF94D9453FC3}.Debug|Any CPU.Build.0 = Debug|Any CPU
		{745CEF32-1269-42DF-8DB3-BF94D9453FC3}.Release|Any CPU.ActiveCfg = Release|Any CPU
		{745CEF32-1269-42DF-8DB3-BF94D9453FC3}.Release|Any CPU.Build.0 = Release|Any CPU
		{8E459739-AF9E-437A-AAC4-5C6921D3D2AD}.Debug|Any CPU.ActiveCfg = Debug|Any CPU
		{8E459739-AF9E-437A-AAC4-5C6921D3D2AD}.Debug|Any CPU.Build.0 = Debug|Any CPU
		{8E459739-AF9E-437A-AAC4-5C6921D3D2AD}.Release|Any CPU.ActiveCfg = Release|Any CPU
		{8E459739-AF9E-437A-AAC4-5C6921D3D2AD}.Release|Any CPU.Build.0 = Release|Any CPU
		{D523E993-1BBB-42AA-BE4B-AC1FE376B2E7}.Debug|Any CPU.ActiveCfg = Debug|Any CPU
		{D523E993-1BBB-42AA-BE4B-AC1FE376B2E7}.Debug|Any CPU.Build.0 = Debug|Any CPU
		{D523E993-1BBB-42AA-BE4B-AC1FE376B2E7}.Release|Any CPU.ActiveCfg = Release|Any CPU
		{D523E993-1BBB-42AA-BE4B-AC1FE376B2E7}.Release|Any CPU.Build.0 = Release|Any CPU
		{A1AB38EE-335E-4541-8C50-13DB2105EDB5}.Debug|Any CPU.ActiveCfg = Debug|Any CPU
		{A1AB38EE-335E-4541-8C50-13DB2105EDB5}.Debug|Any CPU.Build.0 = Debug|Any CPU
		{A1AB38EE-335E-4541-8C50-13DB2105EDB5}.Release|Any CPU.ActiveCfg = Release|Any CPU
		{A1AB38EE-335E-4541-8C50-13DB2105EDB5}.Release|Any CPU.Build.0 = Release|Any CPU
		{85545798-4A88-4C15-91F0-6D70C569F4F0}.Debug|Any CPU.ActiveCfg = Debug|Any CPU
		{85545798-4A88-4C15-91F0-6D70C569F4F0}.Debug|Any CPU.Build.0 = Debug|Any CPU
		{85545798-4A88-4C15-91F0-6D70C569F4F0}.Release|Any CPU.ActiveCfg = Release|Any CPU
		{85545798-4A88-4C15-91F0-6D70C569F4F0}.Release|Any CPU.Build.0 = Release|Any CPU
		{E354B6A8-F56A-43F5-B928-E4258414351D}.Debug|Any CPU.ActiveCfg = Debug|Any CPU
		{E354B6A8-F56A-43F5-B928-E4258414351D}.Debug|Any CPU.Build.0 = Debug|Any CPU
		{E354B6A8-F56A-43F5-B928-E4258414351D}.Release|Any CPU.ActiveCfg = Release|Any CPU
		{E354B6A8-F56A-43F5-B928-E4258414351D}.Release|Any CPU.Build.0 = Release|Any CPU
		{D6EBA022-C083-421F-90DC-DB5403A3CC02}.Debug|Any CPU.ActiveCfg = Debug|Any CPU
		{D6EBA022-C083-421F-90DC-DB5403A3CC02}.Debug|Any CPU.Build.0 = Debug|Any CPU
		{D6EBA022-C083-421F-90DC-DB5403A3CC02}.Release|Any CPU.ActiveCfg = Release|Any CPU
		{D6EBA022-C083-421F-90DC-DB5403A3CC02}.Release|Any CPU.Build.0 = Release|Any CPU
		{C04B42EC-2514-4043-BA30-4082A9968222}.Debug|Any CPU.ActiveCfg = Debug|Any CPU
		{C04B42EC-2514-4043-BA30-4082A9968222}.Debug|Any CPU.Build.0 = Debug|Any CPU
		{C04B42EC-2514-4043-BA30-4082A9968222}.Release|Any CPU.ActiveCfg = Release|Any CPU
		{C04B42EC-2514-4043-BA30-4082A9968222}.Release|Any CPU.Build.0 = Release|Any CPU
		{7D399908-D750-4078-86C8-3E94AA46DE5A}.Debug|Any CPU.ActiveCfg = Debug|Any CPU
		{7D399908-D750-4078-86C8-3E94AA46DE5A}.Debug|Any CPU.Build.0 = Debug|Any CPU
		{7D399908-D750-4078-86C8-3E94AA46DE5A}.Release|Any CPU.ActiveCfg = Release|Any CPU
		{7D399908-D750-4078-86C8-3E94AA46DE5A}.Release|Any CPU.Build.0 = Release|Any CPU
		{BE6DF0B7-2D63-4156-9A08-AD0EE9994294}.Debug|Any CPU.ActiveCfg = Debug|Any CPU
		{BE6DF0B7-2D63-4156-9A08-AD0EE9994294}.Debug|Any CPU.Build.0 = Debug|Any CPU
		{BE6DF0B7-2D63-4156-9A08-AD0EE9994294}.Release|Any CPU.ActiveCfg = Release|Any CPU
		{BE6DF0B7-2D63-4156-9A08-AD0EE9994294}.Release|Any CPU.Build.0 = Release|Any CPU
		{AB9D8A92-E651-46C0-9995-1B40B013877B}.Debug|Any CPU.ActiveCfg = Debug|Any CPU
		{AB9D8A92-E651-46C0-9995-1B40B013877B}.Debug|Any CPU.Build.0 = Debug|Any CPU
		{AB9D8A92-E651-46C0-9995-1B40B013877B}.Release|Any CPU.ActiveCfg = Release|Any CPU
		{AB9D8A92-E651-46C0-9995-1B40B013877B}.Release|Any CPU.Build.0 = Release|Any CPU
		{8EFD9C19-454C-4DDC-A8CB-2EE40D8A30F8}.Debug|Any CPU.ActiveCfg = Debug|Any CPU
		{8EFD9C19-454C-4DDC-A8CB-2EE40D8A30F8}.Debug|Any CPU.Build.0 = Debug|Any CPU
		{8EFD9C19-454C-4DDC-A8CB-2EE40D8A30F8}.Release|Any CPU.ActiveCfg = Release|Any CPU
		{8EFD9C19-454C-4DDC-A8CB-2EE40D8A30F8}.Release|Any CPU.Build.0 = Release|Any CPU
		{B7E58478-3258-4E0C-A45B-C56533CB058F}.Debug|Any CPU.ActiveCfg = Debug|Any CPU
		{B7E58478-3258-4E0C-A45B-C56533CB058F}.Debug|Any CPU.Build.0 = Debug|Any CPU
		{B7E58478-3258-4E0C-A45B-C56533CB058F}.Release|Any CPU.ActiveCfg = Release|Any CPU
		{B7E58478-3258-4E0C-A45B-C56533CB058F}.Release|Any CPU.Build.0 = Release|Any CPU
		{9111AA38-111A-40A9-B45A-4171CF65EE55}.Debug|Any CPU.ActiveCfg = Debug|Any CPU
		{9111AA38-111A-40A9-B45A-4171CF65EE55}.Debug|Any CPU.Build.0 = Debug|Any CPU
		{9111AA38-111A-40A9-B45A-4171CF65EE55}.Release|Any CPU.ActiveCfg = Release|Any CPU
		{9111AA38-111A-40A9-B45A-4171CF65EE55}.Release|Any CPU.Build.0 = Release|Any CPU
		{9922833D-44E2-46FF-8AF0-E3E8AF4B89FE}.Debug|Any CPU.ActiveCfg = Debug|Any CPU
		{9922833D-44E2-46FF-8AF0-E3E8AF4B89FE}.Debug|Any CPU.Build.0 = Debug|Any CPU
		{9922833D-44E2-46FF-8AF0-E3E8AF4B89FE}.Release|Any CPU.ActiveCfg = Release|Any CPU
		{9922833D-44E2-46FF-8AF0-E3E8AF4B89FE}.Release|Any CPU.Build.0 = Release|Any CPU
		{1C3D81A3-92D1-43FA-9CD0-DB7FA78A40FA}.Debug|Any CPU.ActiveCfg = Debug|Any CPU
		{1C3D81A3-92D1-43FA-9CD0-DB7FA78A40FA}.Debug|Any CPU.Build.0 = Debug|Any CPU
		{1C3D81A3-92D1-43FA-9CD0-DB7FA78A40FA}.Release|Any CPU.ActiveCfg = Release|Any CPU
		{1C3D81A3-92D1-43FA-9CD0-DB7FA78A40FA}.Release|Any CPU.Build.0 = Release|Any CPU
		{E05A5A05-7EA4-44DF-A530-FAE74FACA1AB}.Debug|Any CPU.ActiveCfg = Debug|Any CPU
		{E05A5A05-7EA4-44DF-A530-FAE74FACA1AB}.Debug|Any CPU.Build.0 = Debug|Any CPU
		{E05A5A05-7EA4-44DF-A530-FAE74FACA1AB}.Release|Any CPU.ActiveCfg = Release|Any CPU
		{E05A5A05-7EA4-44DF-A530-FAE74FACA1AB}.Release|Any CPU.Build.0 = Release|Any CPU
		{34036A8A-FC7A-465A-8B31-BAA008356A2F}.Debug|Any CPU.ActiveCfg = Debug|Any CPU
		{34036A8A-FC7A-465A-8B31-BAA008356A2F}.Debug|Any CPU.Build.0 = Debug|Any CPU
		{34036A8A-FC7A-465A-8B31-BAA008356A2F}.Release|Any CPU.ActiveCfg = Release|Any CPU
		{34036A8A-FC7A-465A-8B31-BAA008356A2F}.Release|Any CPU.Build.0 = Release|Any CPU
		{4068415D-353F-49C5-B905-CE382943FE10}.Debug|Any CPU.ActiveCfg = Debug|Any CPU
		{4068415D-353F-49C5-B905-CE382943FE10}.Debug|Any CPU.Build.0 = Debug|Any CPU
		{4068415D-353F-49C5-B905-CE382943FE10}.Release|Any CPU.ActiveCfg = Release|Any CPU
		{4068415D-353F-49C5-B905-CE382943FE10}.Release|Any CPU.Build.0 = Release|Any CPU
		{EFE1E307-17AA-45A8-8025-951DF74D59FF}.Debug|Any CPU.ActiveCfg = Debug|Any CPU
		{EFE1E307-17AA-45A8-8025-951DF74D59FF}.Debug|Any CPU.Build.0 = Debug|Any CPU
		{EFE1E307-17AA-45A8-8025-951DF74D59FF}.Release|Any CPU.ActiveCfg = Release|Any CPU
		{EFE1E307-17AA-45A8-8025-951DF74D59FF}.Release|Any CPU.Build.0 = Release|Any CPU
		{CC4A1220-4BEA-4311-826A-2DC12A530AD7}.Debug|Any CPU.ActiveCfg = Debug|Any CPU
		{CC4A1220-4BEA-4311-826A-2DC12A530AD7}.Debug|Any CPU.Build.0 = Debug|Any CPU
		{CC4A1220-4BEA-4311-826A-2DC12A530AD7}.Release|Any CPU.ActiveCfg = Release|Any CPU
		{CC4A1220-4BEA-4311-826A-2DC12A530AD7}.Release|Any CPU.Build.0 = Release|Any CPU
		{EB0343CC-D462-4D36-8CB6-DA82750B76FD}.Debug|Any CPU.ActiveCfg = Debug|Any CPU
		{EB0343CC-D462-4D36-8CB6-DA82750B76FD}.Debug|Any CPU.Build.0 = Debug|Any CPU
		{EB0343CC-D462-4D36-8CB6-DA82750B76FD}.Release|Any CPU.ActiveCfg = Release|Any CPU
		{EB0343CC-D462-4D36-8CB6-DA82750B76FD}.Release|Any CPU.Build.0 = Release|Any CPU
		{7683C8AE-111F-4175-B4CF-840FF8BD9C79}.Debug|Any CPU.ActiveCfg = Debug|Any CPU
		{7683C8AE-111F-4175-B4CF-840FF8BD9C79}.Debug|Any CPU.Build.0 = Debug|Any CPU
		{7683C8AE-111F-4175-B4CF-840FF8BD9C79}.Release|Any CPU.ActiveCfg = Release|Any CPU
		{7683C8AE-111F-4175-B4CF-840FF8BD9C79}.Release|Any CPU.Build.0 = Release|Any CPU
		{F4148BDC-0D1B-4A69-A8AB-B83D658C48A2}.Debug|Any CPU.ActiveCfg = Debug|Any CPU
		{F4148BDC-0D1B-4A69-A8AB-B83D658C48A2}.Debug|Any CPU.Build.0 = Debug|Any CPU
		{F4148BDC-0D1B-4A69-A8AB-B83D658C48A2}.Release|Any CPU.ActiveCfg = Release|Any CPU
		{F4148BDC-0D1B-4A69-A8AB-B83D658C48A2}.Release|Any CPU.Build.0 = Release|Any CPU
		{74B4BE77-2156-48CD-9F6A-5D220E4313B8}.Debug|Any CPU.ActiveCfg = Debug|Any CPU
		{74B4BE77-2156-48CD-9F6A-5D220E4313B8}.Debug|Any CPU.Build.0 = Debug|Any CPU
		{74B4BE77-2156-48CD-9F6A-5D220E4313B8}.Release|Any CPU.ActiveCfg = Release|Any CPU
		{74B4BE77-2156-48CD-9F6A-5D220E4313B8}.Release|Any CPU.Build.0 = Release|Any CPU
		{FE707D8D-8831-BADE-DFBC-E63F1C105207}.Debug|Any CPU.ActiveCfg = Debug|Any CPU
		{FE707D8D-8831-BADE-DFBC-E63F1C105207}.Debug|Any CPU.Build.0 = Debug|Any CPU
		{FE707D8D-8831-BADE-DFBC-E63F1C105207}.Release|Any CPU.ActiveCfg = Release|Any CPU
		{FE707D8D-8831-BADE-DFBC-E63F1C105207}.Release|Any CPU.Build.0 = Release|Any CPU
		{F099649B-50FF-6580-5698-B3DDC298A33D}.Debug|Any CPU.ActiveCfg = Debug|Any CPU
		{F099649B-50FF-6580-5698-B3DDC298A33D}.Debug|Any CPU.Build.0 = Debug|Any CPU
		{F099649B-50FF-6580-5698-B3DDC298A33D}.Release|Any CPU.ActiveCfg = Release|Any CPU
		{F099649B-50FF-6580-5698-B3DDC298A33D}.Release|Any CPU.Build.0 = Release|Any CPU
		{EDC16E3C-4F79-08E3-09FB-24BD2D0238AB}.Debug|Any CPU.ActiveCfg = Debug|Any CPU
		{EDC16E3C-4F79-08E3-09FB-24BD2D0238AB}.Debug|Any CPU.Build.0 = Debug|Any CPU
		{EDC16E3C-4F79-08E3-09FB-24BD2D0238AB}.Release|Any CPU.ActiveCfg = Release|Any CPU
		{EDC16E3C-4F79-08E3-09FB-24BD2D0238AB}.Release|Any CPU.Build.0 = Release|Any CPU
		{8717E57B-5AD6-1D89-120F-86BF2CDA86A5}.Debug|Any CPU.ActiveCfg = Debug|Any CPU
		{8717E57B-5AD6-1D89-120F-86BF2CDA86A5}.Debug|Any CPU.Build.0 = Debug|Any CPU
		{8717E57B-5AD6-1D89-120F-86BF2CDA86A5}.Release|Any CPU.ActiveCfg = Release|Any CPU
		{8717E57B-5AD6-1D89-120F-86BF2CDA86A5}.Release|Any CPU.Build.0 = Release|Any CPU
	EndGlobalSection
	GlobalSection(SolutionProperties) = preSolution
		HideSolutionNode = FALSE
	EndGlobalSection
	GlobalSection(NestedProjects) = preSolution
		{52A9C68A-24C9-4A6B-B764-3F3C0964D7A1} = {30CA5485-6FB6-44CE-A0A6-6970E2520868}
		{2FD999E4-F6FF-483A-A44B-6B60E45475F9} = {30CA5485-6FB6-44CE-A0A6-6970E2520868}
		{2456262A-3B20-44F4-BB6E-0E8BFEFD1731} = {30CA5485-6FB6-44CE-A0A6-6970E2520868}
		{E1C6AC90-53C3-423E-9148-7FC256A46902} = {A5D29BB8-F129-41AF-8869-D53A3D41F719}
		{42688FB0-5603-4B24-BD95-ACB8150EB36F} = {A5D29BB8-F129-41AF-8869-D53A3D41F719}
		{BD696CCB-CE07-4366-A751-0859DBA300DF} = {A5D29BB8-F129-41AF-8869-D53A3D41F719}
		{9779A847-1C2C-4925-B53E-96EC9BCA7DE0} = {CB1F8F2B-7EFB-4237-B984-FA963028D6FC}
		{745CEF32-1269-42DF-8DB3-BF94D9453FC3} = {DDDDEFD0-D4E5-4645-B765-E781C6FBEAF3}
		{D523E993-1BBB-42AA-BE4B-AC1FE376B2E7} = {DDDDEFD0-D4E5-4645-B765-E781C6FBEAF3}
		{A1AB38EE-335E-4541-8C50-13DB2105EDB5} = {DDDDEFD0-D4E5-4645-B765-E781C6FBEAF3}
		{85545798-4A88-4C15-91F0-6D70C569F4F0} = {DDDDEFD0-D4E5-4645-B765-E781C6FBEAF3}
		{E354B6A8-F56A-43F5-B928-E4258414351D} = {DDDDEFD0-D4E5-4645-B765-E781C6FBEAF3}
		{D6EBA022-C083-421F-90DC-DB5403A3CC02} = {DDDDEFD0-D4E5-4645-B765-E781C6FBEAF3}
		{C04B42EC-2514-4043-BA30-4082A9968222} = {DDDDEFD0-D4E5-4645-B765-E781C6FBEAF3}
		{7D399908-D750-4078-86C8-3E94AA46DE5A} = {DDDDEFD0-D4E5-4645-B765-E781C6FBEAF3}
		{BE6DF0B7-2D63-4156-9A08-AD0EE9994294} = {DDDDEFD0-D4E5-4645-B765-E781C6FBEAF3}
		{AB9D8A92-E651-46C0-9995-1B40B013877B} = {C0F45F35-46A8-4CC0-A170-DBADD7F35588}
		{8EFD9C19-454C-4DDC-A8CB-2EE40D8A30F8} = {C0F45F35-46A8-4CC0-A170-DBADD7F35588}
		{34036A8A-FC7A-465A-8B31-BAA008356A2F} = {DDDDEFD0-D4E5-4645-B765-E781C6FBEAF3}
		{4068415D-353F-49C5-B905-CE382943FE10} = {DDDDEFD0-D4E5-4645-B765-E781C6FBEAF3}
		{EFE1E307-17AA-45A8-8025-951DF74D59FF} = {DA2F36B0-A1E2-4BC2-8D86-4549B2714190}
		{28E27A0C-7FE7-44ED-9E43-8BFF8A9DC2D0} = {DDDDEFD0-D4E5-4645-B765-E781C6FBEAF3}
		{CC4A1220-4BEA-4311-826A-2DC12A530AD7} = {28E27A0C-7FE7-44ED-9E43-8BFF8A9DC2D0}
		{EB0343CC-D462-4D36-8CB6-DA82750B76FD} = {28E27A0C-7FE7-44ED-9E43-8BFF8A9DC2D0}
		{7683C8AE-111F-4175-B4CF-840FF8BD9C79} = {DDDDEFD0-D4E5-4645-B765-E781C6FBEAF3}
		{F4148BDC-0D1B-4A69-A8AB-B83D658C48A2} = {DDDDEFD0-D4E5-4645-B765-E781C6FBEAF3}
		{74B4BE77-2156-48CD-9F6A-5D220E4313B8} = {DDDDEFD0-D4E5-4645-B765-E781C6FBEAF3}
		{FE707D8D-8831-BADE-DFBC-E63F1C105207} = {02EA681E-C7D8-13C7-8484-4AC65E1B71E8}
		{F099649B-50FF-6580-5698-B3DDC298A33D} = {02EA681E-C7D8-13C7-8484-4AC65E1B71E8}
		{EDC16E3C-4F79-08E3-09FB-24BD2D0238AB} = {02EA681E-C7D8-13C7-8484-4AC65E1B71E8}
		{8717E57B-5AD6-1D89-120F-86BF2CDA86A5} = {02EA681E-C7D8-13C7-8484-4AC65E1B71E8}
	EndGlobalSection
	GlobalSection(ExtensibilityGlobals) = postSolution
		SolutionGuid = {1C976706-ECEF-4603-A3C0-CDA7BAF2A33E}
	EndGlobalSection
EndGlobal
