
Microsoft Visual Studio Solution File, Format Version 12.00
# Visual Studio Version 17
VisualStudioVersion = 17.7.34031.279
MinimumVisualStudioVersion = 10.0.40219.1
Project("{2150E333-8FDC-42A3-9474-1A3956D46DE8}") = "DRsoft.Application", "DRsoft.Application", "{9685E251-7428-43D1-9F56-1EEAFC1F017E}"
EndProject
Project("{2150E333-8FDC-42A3-9474-1A3956D46DE8}") = "DRsoft.Common", "DRsoft.Common", "{8DB2FBF4-D666-4FC1-9A95-195031748ED8}"
EndProject
Project("{9A19103F-16F7-4668-BE54-9A1E7A4F7556}") = "WpfApp1", "DRsoft.Application\WpfApp1\WpfApp1.csproj", "{B7CE718A-A96B-47CE-912A-288A59271E56}"
EndProject
Project("{9A19103F-16F7-4668-BE54-9A1E7A4F7556}") = "Drsoft.Common.Library", "DRsoft.Common\Drsoft.Common.Library\Drsoft.Common.Library.csproj", "{25AA5878-D43B-4FBA-9F59-F1204CE75714}"
EndProject
Project("{9A19103F-16F7-4668-BE54-9A1E7A4F7556}") = "Drsoft.ConfigMamager", "DRsoft.Common\Drsoft.ConfigMamager\Drsoft.ConfigMamager.csproj", "{2FA5CF00-47B0-4492-849B-2D5E145F48F7}"
EndProject
Project("{9A19103F-16F7-4668-BE54-9A1E7A4F7556}") = "Drsoft.Plugin.CatchException", "DRsoft.Common\Drsoft.Plugin.CatchException\Drsoft.Plugin.CatchException.csproj", "{6F5667F8-EA7D-4D2B-86AD-EE0A8EC8EF8E}"
EndProject
Project("{9A19103F-16F7-4668-BE54-9A1E7A4F7556}") = "Drsoft.Plugin.Communication", "DRsoft.Common\Drsoft.Plugin.Communication\Drsoft.Plugin.Communication.csproj", "{0ABD3CA0-D52D-4A44-9F0A-EAF99B95D491}"
EndProject
Project("{9A19103F-16F7-4668-BE54-9A1E7A4F7556}") = "Drsoft.Plugin.ProxyAop", "DRsoft.Common\Drsoft.Plugin.ProxyAop\Drsoft.Plugin.ProxyAop.csproj", "{EA54C469-4D01-4EA3-9A9F-EABED1B54084}"
EndProject
Project("{9A19103F-16F7-4668-BE54-9A1E7A4F7556}") = "Drsoft.Plugin.PublicExtend", "DRsoft.Common\Drsoft.Plugin.PublicExtend\Drsoft.Plugin.PublicExtend.csproj", "{D4B59D80-C812-494D-ABC2-9FC03D3E6596}"
EndProject
Project("{2150E333-8FDC-42A3-9474-1A3956D46DE8}") = "DRsoft.Business", "DRsoft.Business", "{B05659EA-B732-43C6-B7E4-E6C0F6ED1A2A}"
EndProject
Project("{2150E333-8FDC-42A3-9474-1A3956D46DE8}") = "DRsoft.CameraVisual", "DRsoft.CameraVisual", "{509F4648-9C5D-4A32-B4B7-AEE2E3B57CB7}"
EndProject
Project("{2150E333-8FDC-42A3-9474-1A3956D46DE8}") = "DRsoft.PowerMeter", "DRsoft.PowerMeter", "{A751FBAE-39E6-46D5-A624-E24F24353CB4}"
EndProject
Project("{2150E333-8FDC-42A3-9474-1A3956D46DE8}") = "Client", "Client", "{4F89A7DA-8DD7-4217-98EE-920C0016A5EA}"
EndProject
Project("{9A19103F-16F7-4668-BE54-9A1E7A4F7556}") = "Drsoft.Business.Engine", "DRsoft.Business\Drsoft.Business.Engine\Drsoft.Business.Engine.csproj", "{BD95B29C-E7BB-4DDF-82D8-FA5B872AA9E0}"
EndProject
Project("{9A19103F-16F7-4668-BE54-9A1E7A4F7556}") = "Drsoft.PowerMeter.Com", "DRsoft.PowerMeter\Drsoft.PowerMeter.Com\Drsoft.PowerMeter.Com.csproj", "{83297384-FFFD-4F3B-84A4-04AF9947C29E}"
EndProject
Project("{9A19103F-16F7-4668-BE54-9A1E7A4F7556}") = "DRSoft.Plugin.CameraVisual", "DRsoft.CameraVisual\Client\DRSoft.Plugin.CameraVisual\DRSoft.Plugin.CameraVisual.csproj", "{77E85939-13C4-46F1-80C7-A25AEE01F10B}"
EndProject
Project("{9A19103F-16F7-4668-BE54-9A1E7A4F7556}") = "Drsoft.Plugin.ICommunication", "DRsoft.Common\Drsoft.Plugin.ICommunication\Drsoft.Plugin.ICommunication.csproj", "{C5A230F0-9013-4166-85C6-626C099D708F}"
EndProject
Project("{2150E333-8FDC-42A3-9474-1A3956D46DE8}") = "Server", "Server", "{E04E6D09-3341-4EB7-BA51-BF4F3770833F}"
EndProject
Global
	GlobalSection(SolutionConfigurationPlatforms) = preSolution
		Debug|Any CPU = Debug|Any CPU
		Debug|x64 = Debug|x64
		Release|Any CPU = Release|Any CPU
		Release|x64 = Release|x64
	EndGlobalSection
	GlobalSection(ProjectConfigurationPlatforms) = postSolution
		{B7CE718A-A96B-47CE-912A-288A59271E56}.Debug|Any CPU.ActiveCfg = Debug|Any CPU
		{B7CE718A-A96B-47CE-912A-288A59271E56}.Debug|Any CPU.Build.0 = Debug|Any CPU
		{B7CE718A-A96B-47CE-912A-288A59271E56}.Debug|x64.ActiveCfg = Debug|Any CPU
		{B7CE718A-A96B-47CE-912A-288A59271E56}.Debug|x64.Build.0 = Debug|Any CPU
		{B7CE718A-A96B-47CE-912A-288A59271E56}.Release|Any CPU.ActiveCfg = Release|Any CPU
		{B7CE718A-A96B-47CE-912A-288A59271E56}.Release|Any CPU.Build.0 = Release|Any CPU
		{B7CE718A-A96B-47CE-912A-288A59271E56}.Release|x64.ActiveCfg = Release|Any CPU
		{B7CE718A-A96B-47CE-912A-288A59271E56}.Release|x64.Build.0 = Release|Any CPU
		{25AA5878-D43B-4FBA-9F59-F1204CE75714}.Debug|Any CPU.ActiveCfg = Debug|Any CPU
		{25AA5878-D43B-4FBA-9F59-F1204CE75714}.Debug|Any CPU.Build.0 = Debug|Any CPU
		{25AA5878-D43B-4FBA-9F59-F1204CE75714}.Debug|x64.ActiveCfg = Debug|x64
		{25AA5878-D43B-4FBA-9F59-F1204CE75714}.Debug|x64.Build.0 = Debug|x64
		{25AA5878-D43B-4FBA-9F59-F1204CE75714}.Release|Any CPU.ActiveCfg = Release|Any CPU
		{25AA5878-D43B-4FBA-9F59-F1204CE75714}.Release|Any CPU.Build.0 = Release|Any CPU
		{25AA5878-D43B-4FBA-9F59-F1204CE75714}.Release|x64.ActiveCfg = Release|x64
		{25AA5878-D43B-4FBA-9F59-F1204CE75714}.Release|x64.Build.0 = Release|x64
		{2FA5CF00-47B0-4492-849B-2D5E145F48F7}.Debug|Any CPU.ActiveCfg = Debug|Any CPU
		{2FA5CF00-47B0-4492-849B-2D5E145F48F7}.Debug|Any CPU.Build.0 = Debug|Any CPU
		{2FA5CF00-47B0-4492-849B-2D5E145F48F7}.Debug|x64.ActiveCfg = Debug|x64
		{2FA5CF00-47B0-4492-849B-2D5E145F48F7}.Debug|x64.Build.0 = Debug|x64
		{2FA5CF00-47B0-4492-849B-2D5E145F48F7}.Release|Any CPU.ActiveCfg = Release|Any CPU
		{2FA5CF00-47B0-4492-849B-2D5E145F48F7}.Release|Any CPU.Build.0 = Release|Any CPU
		{2FA5CF00-47B0-4492-849B-2D5E145F48F7}.Release|x64.ActiveCfg = Release|x64
		{2FA5CF00-47B0-4492-849B-2D5E145F48F7}.Release|x64.Build.0 = Release|x64
		{6F5667F8-EA7D-4D2B-86AD-EE0A8EC8EF8E}.Debug|Any CPU.ActiveCfg = Debug|Any CPU
		{6F5667F8-EA7D-4D2B-86AD-EE0A8EC8EF8E}.Debug|Any CPU.Build.0 = Debug|Any CPU
		{6F5667F8-EA7D-4D2B-86AD-EE0A8EC8EF8E}.Debug|x64.ActiveCfg = Debug|x64
		{6F5667F8-EA7D-4D2B-86AD-EE0A8EC8EF8E}.Debug|x64.Build.0 = Debug|x64
		{6F5667F8-EA7D-4D2B-86AD-EE0A8EC8EF8E}.Release|Any CPU.ActiveCfg = Release|Any CPU
		{6F5667F8-EA7D-4D2B-86AD-EE0A8EC8EF8E}.Release|Any CPU.Build.0 = Release|Any CPU
		{6F5667F8-EA7D-4D2B-86AD-EE0A8EC8EF8E}.Release|x64.ActiveCfg = Release|x64
		{6F5667F8-EA7D-4D2B-86AD-EE0A8EC8EF8E}.Release|x64.Build.0 = Release|x64
		{0ABD3CA0-D52D-4A44-9F0A-EAF99B95D491}.Debug|Any CPU.ActiveCfg = Debug|Any CPU
		{0ABD3CA0-D52D-4A44-9F0A-EAF99B95D491}.Debug|Any CPU.Build.0 = Debug|Any CPU
		{0ABD3CA0-D52D-4A44-9F0A-EAF99B95D491}.Debug|x64.ActiveCfg = Debug|x64
		{0ABD3CA0-D52D-4A44-9F0A-EAF99B95D491}.Debug|x64.Build.0 = Debug|x64
		{0ABD3CA0-D52D-4A44-9F0A-EAF99B95D491}.Release|Any CPU.ActiveCfg = Release|Any CPU
		{0ABD3CA0-D52D-4A44-9F0A-EAF99B95D491}.Release|Any CPU.Build.0 = Release|Any CPU
		{0ABD3CA0-D52D-4A44-9F0A-EAF99B95D491}.Release|x64.ActiveCfg = Release|x64
		{0ABD3CA0-D52D-4A44-9F0A-EAF99B95D491}.Release|x64.Build.0 = Release|x64
		{EA54C469-4D01-4EA3-9A9F-EABED1B54084}.Debug|Any CPU.ActiveCfg = Debug|Any CPU
		{EA54C469-4D01-4EA3-9A9F-EABED1B54084}.Debug|Any CPU.Build.0 = Debug|Any CPU
		{EA54C469-4D01-4EA3-9A9F-EABED1B54084}.Debug|x64.ActiveCfg = Debug|x64
		{EA54C469-4D01-4EA3-9A9F-EABED1B54084}.Debug|x64.Build.0 = Debug|x64
		{EA54C469-4D01-4EA3-9A9F-EABED1B54084}.Release|Any CPU.ActiveCfg = Release|Any CPU
		{EA54C469-4D01-4EA3-9A9F-EABED1B54084}.Release|Any CPU.Build.0 = Release|Any CPU
		{EA54C469-4D01-4EA3-9A9F-EABED1B54084}.Release|x64.ActiveCfg = Release|x64
		{EA54C469-4D01-4EA3-9A9F-EABED1B54084}.Release|x64.Build.0 = Release|x64
		{D4B59D80-C812-494D-ABC2-9FC03D3E6596}.Debug|Any CPU.ActiveCfg = Debug|Any CPU
		{D4B59D80-C812-494D-ABC2-9FC03D3E6596}.Debug|Any CPU.Build.0 = Debug|Any CPU
		{D4B59D80-C812-494D-ABC2-9FC03D3E6596}.Debug|x64.ActiveCfg = Debug|x64
		{D4B59D80-C812-494D-ABC2-9FC03D3E6596}.Debug|x64.Build.0 = Debug|x64
		{D4B59D80-C812-494D-ABC2-9FC03D3E6596}.Release|Any CPU.ActiveCfg = Release|Any CPU
		{D4B59D80-C812-494D-ABC2-9FC03D3E6596}.Release|Any CPU.Build.0 = Release|Any CPU
		{D4B59D80-C812-494D-ABC2-9FC03D3E6596}.Release|x64.ActiveCfg = Release|x64
		{D4B59D80-C812-494D-ABC2-9FC03D3E6596}.Release|x64.Build.0 = Release|x64
		{BD95B29C-E7BB-4DDF-82D8-FA5B872AA9E0}.Debug|Any CPU.ActiveCfg = Debug|Any CPU
		{BD95B29C-E7BB-4DDF-82D8-FA5B872AA9E0}.Debug|Any CPU.Build.0 = Debug|Any CPU
		{BD95B29C-E7BB-4DDF-82D8-FA5B872AA9E0}.Debug|x64.ActiveCfg = Debug|x64
		{BD95B29C-E7BB-4DDF-82D8-FA5B872AA9E0}.Debug|x64.Build.0 = Debug|x64
		{BD95B29C-E7BB-4DDF-82D8-FA5B872AA9E0}.Release|Any CPU.ActiveCfg = Release|Any CPU
		{BD95B29C-E7BB-4DDF-82D8-FA5B872AA9E0}.Release|Any CPU.Build.0 = Release|Any CPU
		{BD95B29C-E7BB-4DDF-82D8-FA5B872AA9E0}.Release|x64.ActiveCfg = Release|x64
		{BD95B29C-E7BB-4DDF-82D8-FA5B872AA9E0}.Release|x64.Build.0 = Release|x64
		{83297384-FFFD-4F3B-84A4-04AF9947C29E}.Debug|Any CPU.ActiveCfg = Debug|Any CPU
		{83297384-FFFD-4F3B-84A4-04AF9947C29E}.Debug|Any CPU.Build.0 = Debug|Any CPU
		{83297384-FFFD-4F3B-84A4-04AF9947C29E}.Debug|x64.ActiveCfg = Debug|x64
		{83297384-FFFD-4F3B-84A4-04AF9947C29E}.Debug|x64.Build.0 = Debug|x64
		{83297384-FFFD-4F3B-84A4-04AF9947C29E}.Release|Any CPU.ActiveCfg = Release|Any CPU
		{83297384-FFFD-4F3B-84A4-04AF9947C29E}.Release|Any CPU.Build.0 = Release|Any CPU
		{83297384-FFFD-4F3B-84A4-04AF9947C29E}.Release|x64.ActiveCfg = Release|x64
		{83297384-FFFD-4F3B-84A4-04AF9947C29E}.Release|x64.Build.0 = Release|x64
		{77E85939-13C4-46F1-80C7-A25AEE01F10B}.Debug|Any CPU.ActiveCfg = Debug|Any CPU
		{77E85939-13C4-46F1-80C7-A25AEE01F10B}.Debug|Any CPU.Build.0 = Debug|Any CPU
		{77E85939-13C4-46F1-80C7-A25AEE01F10B}.Debug|x64.ActiveCfg = Debug|x64
		{77E85939-13C4-46F1-80C7-A25AEE01F10B}.Debug|x64.Build.0 = Debug|x64
		{77E85939-13C4-46F1-80C7-A25AEE01F10B}.Release|Any CPU.ActiveCfg = Release|Any CPU
		{77E85939-13C4-46F1-80C7-A25AEE01F10B}.Release|Any CPU.Build.0 = Release|Any CPU
		{77E85939-13C4-46F1-80C7-A25AEE01F10B}.Release|x64.ActiveCfg = Release|x64
		{77E85939-13C4-46F1-80C7-A25AEE01F10B}.Release|x64.Build.0 = Release|x64
		{C5A230F0-9013-4166-85C6-626C099D708F}.Debug|Any CPU.ActiveCfg = Debug|Any CPU
		{C5A230F0-9013-4166-85C6-626C099D708F}.Debug|Any CPU.Build.0 = Debug|Any CPU
		{C5A230F0-9013-4166-85C6-626C099D708F}.Debug|x64.ActiveCfg = Debug|Any CPU
		{C5A230F0-9013-4166-85C6-626C099D708F}.Debug|x64.Build.0 = Debug|Any CPU
		{C5A230F0-9013-4166-85C6-626C099D708F}.Release|Any CPU.ActiveCfg = Release|Any CPU
		{C5A230F0-9013-4166-85C6-626C099D708F}.Release|Any CPU.Build.0 = Release|Any CPU
		{C5A230F0-9013-4166-85C6-626C099D708F}.Release|x64.ActiveCfg = Release|Any CPU
		{C5A230F0-9013-4166-85C6-626C099D708F}.Release|x64.Build.0 = Release|Any CPU
	EndGlobalSection
	GlobalSection(SolutionProperties) = preSolution
		HideSolutionNode = FALSE
	EndGlobalSection
	GlobalSection(NestedProjects) = preSolution
		{B7CE718A-A96B-47CE-912A-288A59271E56} = {9685E251-7428-43D1-9F56-1EEAFC1F017E}
		{25AA5878-D43B-4FBA-9F59-F1204CE75714} = {8DB2FBF4-D666-4FC1-9A95-195031748ED8}
		{2FA5CF00-47B0-4492-849B-2D5E145F48F7} = {8DB2FBF4-D666-4FC1-9A95-195031748ED8}
		{6F5667F8-EA7D-4D2B-86AD-EE0A8EC8EF8E} = {8DB2FBF4-D666-4FC1-9A95-195031748ED8}
		{0ABD3CA0-D52D-4A44-9F0A-EAF99B95D491} = {8DB2FBF4-D666-4FC1-9A95-195031748ED8}
		{EA54C469-4D01-4EA3-9A9F-EABED1B54084} = {8DB2FBF4-D666-4FC1-9A95-195031748ED8}
		{D4B59D80-C812-494D-ABC2-9FC03D3E6596} = {8DB2FBF4-D666-4FC1-9A95-195031748ED8}
		{4F89A7DA-8DD7-4217-98EE-920C0016A5EA} = {509F4648-9C5D-4A32-B4B7-AEE2E3B57CB7}
		{BD95B29C-E7BB-4DDF-82D8-FA5B872AA9E0} = {B05659EA-B732-43C6-B7E4-E6C0F6ED1A2A}
		{83297384-FFFD-4F3B-84A4-04AF9947C29E} = {A751FBAE-39E6-46D5-A624-E24F24353CB4}
		{77E85939-13C4-46F1-80C7-A25AEE01F10B} = {4F89A7DA-8DD7-4217-98EE-920C0016A5EA}
		{C5A230F0-9013-4166-85C6-626C099D708F} = {8DB2FBF4-D666-4FC1-9A95-195031748ED8}
		{E04E6D09-3341-4EB7-BA51-BF4F3770833F} = {509F4648-9C5D-4A32-B4B7-AEE2E3B57CB7}
	EndGlobalSection
	GlobalSection(ExtensibilityGlobals) = postSolution
		SolutionGuid = {038B17C1-2186-41B3-964C-E414A21833F7}
	EndGlobalSection
EndGlobal
