
Microsoft Visual Studio Solution File, Format Version 12.00
# Visual Studio Version 17
VisualStudioVersion = 17.7.34031.279
MinimumVisualStudioVersion = 10.0.40219.1
Project("{FAE04EC0-301F-11D3-BF4B-00C04F79EFBC}") = "WpfApp1", "WpfApp1\WpfApp1.csproj", "{0F4CAD1B-2C32-487D-AB09-BE881423CCE6}"
EndProject
Project("{FAE04EC0-301F-11D3-BF4B-00C04F79EFBC}") = "WpfControlLibrary1", "WpfControlLibrary1\WpfControlLibrary1.csproj", "{22410B7E-6AEC-4780-A97C-8330F8225415}"
EndProject
Global
	GlobalSection(SolutionConfigurationPlatforms) = preSolution
		Debug|Any CPU = Debug|Any CPU
		Release|Any CPU = Release|Any CPU
	EndGlobalSection
	GlobalSection(ProjectConfigurationPlatforms) = postSolution
		{0F4CAD1B-2C32-487D-AB09-BE881423CCE6}.Debug|Any CPU.ActiveCfg = Debug|Any CPU
		{0F4CAD1B-2C32-487D-AB09-BE881423CCE6}.Debug|Any CPU.Build.0 = Debug|Any CPU
		{0F4CAD1B-2C32-487D-AB09-BE881423CCE6}.Release|Any CPU.ActiveCfg = Release|Any CPU
		{0F4CAD1B-2C32-487D-AB09-BE881423CCE6}.Release|Any CPU.Build.0 = Release|Any CPU
		{22410B7E-6AEC-4780-A97C-8330F8225415}.Debug|Any CPU.ActiveCfg = Debug|Any CPU
		{22410B7E-6AEC-4780-A97C-8330F8225415}.Debug|Any CPU.Build.0 = Debug|Any CPU
		{22410B7E-6AEC-4780-A97C-8330F8225415}.Release|Any CPU.ActiveCfg = Release|Any CPU
		{22410B7E-6AEC-4780-A97C-8330F8225415}.Release|Any CPU.Build.0 = Release|Any CPU
	EndGlobalSection
	GlobalSection(SolutionProperties) = preSolution
		HideSolutionNode = FALSE
	EndGlobalSection
	GlobalSection(ExtensibilityGlobals) = postSolution
		SolutionGuid = {038B17C1-2186-41B3-964C-E414A21833F7}
	EndGlobalSection
EndGlobal
